
Microsoft Visual Studio Solution File, Format Version 12.00
# Visual Studio 15
VisualStudioVersion = 15.0.26730.12
MinimumVisualStudioVersion = 10.0.40219.1
Project("{8BC9CEB8-8B4A-11D0-8D11-00A0C91BC942}") = "PA7", "PA7\PA7.vcxproj", "{A31F54DD-A429-40BB-972D-F6572FF9A2CF}"
EndProject
Global
	GlobalSection(SolutionConfigurationPlatforms) = preSolution
		Debug|x64 = Debug|x64
		Debug|x86 = Debug|x86
		newDebug|x64 = newDebug|x64
		newDebug|x86 = newDebug|x86
		Release|x64 = Release|x64
		Release|x86 = Release|x86
	EndGlobalSection
	GlobalSection(ProjectConfigurationPlatforms) = postSolution
		{A31F54DD-A429-40BB-972D-F6572FF9A2CF}.Debug|x64.ActiveCfg = Debug|x64
		{A31F54DD-A429-40BB-972D-F6572FF9A2CF}.Debug|x64.Build.0 = Debug|x64
		{A31F54DD-A429-40BB-972D-F6572FF9A2CF}.Debug|x86.ActiveCfg = Debug|Win32
		{A31F54DD-A429-40BB-972D-F6572FF9A2CF}.Debug|x86.Build.0 = Debug|Win32
		{A31F54DD-A429-40BB-972D-F6572FF9A2CF}.newDebug|x64.ActiveCfg = newDebug|x64
		{A31F54DD-A429-40BB-972D-F6572FF9A2CF}.newDebug|x64.Build.0 = newDebug|x64
		{A31F54DD-A429-40BB-972D-F6572FF9A2CF}.newDebug|x86.ActiveCfg = newDebug|Win32
		{A31F54DD-A429-40BB-972D-F6572FF9A2CF}.newDebug|x86.Build.0 = newDebug|Win32
		{A31F54DD-A429-40BB-972D-F6572FF9A2CF}.Release|x64.ActiveCfg = Release|x64
		{A31F54DD-A429-40BB-972D-F6572FF9A2CF}.Release|x64.Build.0 = Release|x64
		{A31F54DD-A429-40BB-972D-F6572FF9A2CF}.Release|x86.ActiveCfg = Release|Win32
		{A31F54DD-A429-40BB-972D-F6572FF9A2CF}.Release|x86.Build.0 = Release|Win32
	EndGlobalSection
	GlobalSection(SolutionProperties) = preSolution
		HideSolutionNode = FALSE
	EndGlobalSection
	GlobalSection(ExtensibilityGlobals) = postSolution
		SolutionGuid = {8441CB99-0068-4987-A90A-8AA8C5D4BC41}
	EndGlobalSection
EndGlobal
